// !$*UTF8*$!
{
	archiveVersion = 1;
	classes = {
	};
	objectVersion = 46;
	objects = {

/* Begin PBXBuildFile section */
		3410BBC31EDFF8F700DFDE00 /* main.c in Sources */ = {isa = PBXBuildFile; fileRef = 3410BBC21EDFF8F700DFDE00 /* main.c */; };
/* End PBXBuildFile section */

/* Begin PBXCopyFilesBuildPhase section */
		3410BBBD1EDFF8F700DFDE00 /* CopyFiles */ = {
			isa = PBXCopyFilesBuildPhase;
			buildActionMask = 2147483647;
			dstPath = /usr/share/man/man1/;
			dstSubfolderSpec = 0;
			files = (
			);
			runOnlyForDeploymentPostprocessing = 1;
		};
/* End PBXCopyFilesBuildPhase section */

/* Begin PBXFileReference section */
		3410BBBF1EDFF8F700DFDE00 /* c experimrnt 7.2' */ = {isa = PBXFileReference; explicitFileType = "compiled.mach-o.executable"; includeInIndex = 0; path = "c experimrnt 7.2'"; sourceTree = BUILT_PRODUCTS_DIR; };
		3410BBC21EDFF8F700DFDE00 /* main.c */ = {isa = PBXFileReference; lastKnownFileType = sourcecode.c.c; path = main.c; sourceTree = "<group>"; };
/* End PBXFileReference section */

/* Begin PBXFrameworksBuildPhase section */
		3410BBBC1EDFF8F700DFDE00 /* Frameworks */ = {
			isa = PBXFrameworksBuildPhase;
			buildActionMask = 2147483647;
			files = (
			);
			runOnlyForDeploymentPostprocessing = 0;
		};
/* End PBXFrameworksBuildPhase section */

/* Begin PBXGroup section */
		3410BBB61EDFF8F700DFDE00 = {
			isa = PBXGroup;
			children = (
				3410BBC11EDFF8F700DFDE00 /* c experimrnt 7.2' */,
				3410BBC01EDFF8F700DFDE00 /* Products */,
			);
			sourceTree = "<group>";
		};
		3410BBC01EDFF8F700DFDE00 /* Products */ = {
			isa = PBXGroup;
			children = (
				3410BBBF1EDFF8F700DFDE00 /* c experimrnt 7.2' */,
			);
			name = Products;
			sourceTree = "<group>";
		};
		3410BBC11EDFF8F700DFDE00 /* c experimrnt 7.2' */ = {
			isa = PBXGroup;
			children = (
				3410BBC21EDFF8F700DFDE00 /* main.c */,
			);
			path = "c experimrnt 7.2'";
			sourceTree = "<group>";
		};
/* End PBXGroup section */

/* Begin PBXNativeTarget section */
		3410BBBE1EDFF8F700DFDE00 /* c experimrnt 7.2' */ = {
			isa = PBXNativeTarget;
			buildConfigurationList = 3410BBC61EDFF8F700DFDE00 /* Build configuration list for PBXNativeTarget "c experimrnt 7.2'" */;
			buildPhases = (
				3410BBBB1EDFF8F700DFDE00 /* Sources */,
				3410BBBC1EDFF8F700DFDE00 /* Frameworks */,
				3410BBBD1EDFF8F700DFDE00 /* CopyFiles */,
			);
			buildRules = (
			);
			dependencies = (
			);
			name = "c experimrnt 7.2'";
			productName = "c experimrnt 7.2'";
			productReference = 3410BBBF1EDFF8F700DFDE00 /* c experimrnt 7.2' */;
			productType = "com.apple.product-type.tool";
		};
/* End PBXNativeTarget section */

/* Begin PBXProject section */
		3410BBB71EDFF8F700DFDE00 /* Project object */ = {
			isa = PBXProject;
			attributes = {
				LastUpgradeCheck = 0820;
				ORGANIZATIONNAME = "林斌";
				TargetAttributes = {
					3410BBBE1EDFF8F700DFDE00 = {
						CreatedOnToolsVersion = 8.2;
						ProvisioningStyle = Automatic;
					};
				};
			};
			buildConfigurationList = 3410BBBA1EDFF8F700DFDE00 /* Build configuration list for PBXProject "c experimrnt 7.2'" */;
			compatibilityVersion = "Xcode 3.2";
			developmentRegion = English;
			hasScannedForEncodings = 0;
			knownRegions = (
				en,
			);
			mainGroup = 3410BBB61EDFF8F700DFDE00;
			productRefGroup = 3410BBC01EDFF8F700DFDE00 /* Products */;
			projectDirPath = "";
			projectRoot = "";
			targets = (
				3410BBBE1EDFF8F700DFDE00 /* c experimrnt 7.2' */,
			);
		};
/* End PBXProject section */

/* Begin PBXSourcesBuildPhase section */
		3410BBBB1EDFF8F700DFDE00 /* Sources */ = {
			isa = PBXSourcesBuildPhase;
			buildActionMask = 2147483647;
			files = (
				3410BBC31EDFF8F700DFDE00 /* main.c in Sources */,
			);
			runOnlyForDeploymentPostprocessing = 0;
		};
/* End PBXSourcesBuildPhase section */

/* Begin XCBuildConfiguration section */
		3410BBC41EDFF8F700DFDE00 /* Debug */ = {
			isa = XCBuildConfiguration;
			buildSettings = {
				ALWAYS_SEARCH_USER_PATHS = NO;
				CLANG_ANALYZER_NONNULL = YES;
				CLANG_CXX_LANGUAGE_STANDARD = "gnu++0x";
				CLANG_CXX_LIBRARY = "libc++";
				CLANG_ENABLE_MODULES = YES;
				CLANG_ENABLE_OBJC_ARC = YES;
				CLANG_WARN_BOOL_CONVERSION = YES;
				CLANG_WARN_CONSTANT_CONVERSION = YES;
				CLANG_WARN_DIRECT_OBJC_ISA_USAGE = YES_ERROR;
				CLANG_WARN_DOCUMENTATION_COMMENTS = YES;
				CLANG_WARN_EMPTY_BODY = YES;
				CLANG_WARN_ENUM_CONVERSION = YES;
				CLANG_WARN_INFINITE_RECURSION = YES;
				CLANG_WARN_INT_CONVERSION = YES;
				CLANG_WARN_OBJC_ROOT_CLASS = YES_ERROR;
				CLANG_WARN_SUSPICIOUS_MOVE = YES;
				CLANG_WARN_UNREACHABLE_CODE = YES;
				CLANG_WARN__DUPLICATE_METHOD_MATCH = YES;
				CODE_SIGN_IDENTITY = "-";
				COPY_PHASE_STRIP = NO;
				DEBUG_INFORMATION_FORMAT = dwarf;
				ENABLE_STRICT_OBJC_MSGSEND = YES;
				ENABLE_TESTABILITY = YES;
				GCC_C_LANGUAGE_STANDARD = gnu99;
				GCC_DYNAMIC_NO_PIC = NO;
				GCC_NO_COMMON_BLOCKS = YES;
				GCC_OPTIMIZATION_LEVEL = 0;
				GCC_PREPROCESSOR_DEFINITIONS = (
					"DEBUG=1",
					"$(inherited)",
				);
				GCC_WARN_64_TO_32_BIT_CONVERSION = YES;
				GCC_WARN_ABOUT_RETURN_TYPE = YES_ERROR;
				GCC_WARN_UNDECLARED_SELECTOR = YES;
				GCC_WARN_UNINITIALIZED_AUTOS = YES_AGGRESSIVE;
				GCC_WARN_UNUSED_FUNCTION = YES;
				GCC_WARN_UNUSED_VARIABLE = YES;
				MACOSX_DEPLOYMENT_TARGET = 10.12;
				MTL_ENABLE_DEBUG_INFO = YES;
				ONLY_ACTIVE_ARCH = YES;
				SDKROOT = macosx;
			};
			name = Debug;
		};
		3410BBC51EDFF8F700DFDE00 /* Release */ = {
			isa = XCBuildConfiguration;
			buildSettings = {
				ALWAYS_SEARCH_USER_PATHS = NO;
				CLANG_ANALYZER_NONNULL = YES;
				CLANG_CXX_LANGUAGE_STANDARD = "gnu++0x";
				CLANG_CXX_LIBRARY = "libc++";
				CLANG_ENABLE_MODULES = YES;
				CLANG_ENABLE_OBJC_ARC = YES;
				CLANG_WARN_BOOL_CONVERSION = YES;
				CLANG_WARN_CONSTANT_CONVERSION = YES;
				CLANG_WARN_DIRECT_OBJC_ISA_USAGE = YES_ERROR;
				CLANG_WARN_DOCUMENTATION_COMMENTS = YES;
				CLANG_WARN_EMPTY_BODY = YES;
				CLANG_WARN_ENUM_CONVERSION = YES;
				CLANG_WARN_INFINITE_RECURSION = YES;
				CLANG_WARN_INT_CONVERSION = YES;
				CLANG_WARN_OBJC_ROOT_CLASS = YES_ERROR;
				CLANG_WARN_SUSPICIOUS_MOVE = YES;
				CLANG_WARN_UNREACHABLE_CODE = YES;
				CLANG_WARN__DUPLICATE_METHOD_MATCH = YES;
				CODE_SIGN_IDENTITY = "-";
				COPY_PHASE_STRIP = NO;
				DEBUG_INFORMATION_FORMAT = "dwarf-with-dsym";
				ENABLE_NS_ASSERTIONS = NO;
				ENABLE_STRICT_OBJC_MSGSEND = YES;
				GCC_C_LANGUAGE_STANDARD = gnu99;
				GCC_NO_COMMON_BLOCKS = YES;
				GCC_WARN_64_TO_32_BIT_CONVERSION = YES;
				GCC_WARN_ABOUT_RETURN_TYPE = YES_ERROR;
				GCC_WARN_UNDECLARED_SELECTOR = YES;
				GCC_WARN_UNINITIALIZED_AUTOS = YES_AGGRESSIVE;
				GCC_WARN_UNUSED_FUNCTION = YES;
				GCC_WARN_UNUSED_VARIABLE = YES;
				MACOSX_DEPLOYMENT_TARGET = 10.12;
				MTL_ENABLE_DEBUG_INFO = NO;
				SDKROOT = macosx;
			};
			name = Release;
		};
		3410BBC71EDFF8F700DFDE00 /* Debug */ = {
			isa = XCBuildConfiguration;
			buildSettings = {
				PRODUCT_NAME = "$(TARGET_NAME)";
			};
			name = Debug;
		};
		3410BBC81EDFF8F700DFDE00 /* Release */ = {
			isa = XCBuildConfiguration;
			buildSettings = {
				PRODUCT_NAME = "$(TARGET_NAME)";
			};
			name = Release;
		};
/* End XCBuildConfiguration section */

/* Begin XCConfigurationList section */
		3410BBBA1EDFF8F700DFDE00 /* Build configuration list for PBXProject "c experimrnt 7.2'" */ = {
			isa = XCConfigurationList;
			buildConfigurations = (
				3410BBC41EDFF8F700DFDE00 /* Debug */,
				3410BBC51EDFF8F700DFDE00 /* Release */,
			);
			defaultConfigurationIsVisible = 0;
			defaultConfigurationName = Release;
		};
		3410BBC61EDFF8F700DFDE00 /* Build configuration list for PBXNativeTarget "c experimrnt 7.2'" */ = {
			isa = XCConfigurationList;
			buildConfigurations = (
				3410BBC71EDFF8F700DFDE00 /* Debug */,
				3410BBC81EDFF8F700DFDE00 /* Release */,
			);
			defaultConfigurationIsVisible = 0;
		};
/* End XCConfigurationList section */
	};
	rootObject = 3410BBB71EDFF8F700DFDE00 /* Project object */;
}
